{
  "nodes": {
    "cradle": {
      "inputs": {
        "flake-utils": [
          "garnix-haskell",
          "flake-utils"
        ],
        "nixpkgs": [
          "garnix-haskell",
          "nixpkgs"
        ]
      },
      "locked": {
        "lastModified": 1717164253,
        "narHash": "sha256-OiQnrWO78bsM23Gt7rWEoGh0Zeg5CDv+OiraKskjgd8=",
        "owner": "garnix-io",
        "repo": "cradle",
        "rev": "dbad639f4ba132f336588b85089cd1dc0acad4ea",
        "type": "github"
      },
      "original": {
        "owner": "garnix-io",
        "repo": "cradle",
        "type": "github"
      }
    },
    "flake-utils": {
      "inputs": {
        "systems": "systems"
      },
      "locked": {
        "lastModified": 1726560853,
        "narHash": "sha256-X6rJYSESBVr3hBoH0WbKE5KvhPU5bloyZ2L4K60/fPQ=",
        "owner": "numtide",
        "repo": "flake-utils",
        "rev": "c1dfcf08411b08f6b8615f7d8971a2bfa81d5e8a",
        "type": "github"
      },
      "original": {
        "owner": "numtide",
        "repo": "flake-utils",
        "type": "github"
      }
    },
    "garnix-haskell": {
      "inputs": {
        "cradle": "cradle",
        "flake-utils": "flake-utils",
        "nixpkgs": "nixpkgs"
      },
      "locked": {
        "lastModified": 0,
        "narHash": "sha256-xP7byeILUguiHRn3RwvjtC+CBzCHBygNck0C4XtryLU=",
        "path": "../..",
        "type": "path"
      },
      "original": {
        "path": "../..",
        "type": "path"
      }
    },
    "nixpkgs": {
      "locked": {
        "lastModified": 1750133334,
        "narHash": "sha256-urV51uWH7fVnhIvsZIELIYalMYsyr2FCalvlRTzqWRw=",
        "owner": "nixos",
        "repo": "nixpkgs",
        "rev": "36ab78dab7da2e4e27911007033713bab534187b",
        "type": "github"
      },
      "original": {
        "owner": "nixos",
        "ref": "nixos-25.05",
        "repo": "nixpkgs",
        "type": "github"
      }
    },
    "root": {
      "inputs": {
        "garnix-haskell": "garnix-haskell"
      }
    },
    "systems": {
      "locked": {
        "lastModified": 1681028828,
        "narHash": "sha256-Vy1rq5AaRuLzOxct8nz4T6wlgyUR7zLU309k9mBC768=",
        "owner": "nix-systems",
        "repo": "default",
        "rev": "da67096a3b9bf56a91d16901293e51ba5b49a27e",
        "type": "github"
      },
      "original": {
        "owner": "nix-systems",
        "repo": "default",
        "type": "github"
      }
    }
  },
  "root": "root",
  "version": 7
}
